
Microsoft Visual Studio Solution File, Format Version 12.00
# Visual Studio Version 16
VisualStudioVersion = 16.0.29920.165
MinimumVisualStudioVersion = 10.0.40219.1
Project("{9A19103F-16F7-4668-BE54-9A1E7A4F7556}") = "Suivi_Abs", "Suivi_Abs.csproj", "{39E968B7-71FD-4AC2-A211-0EF92E61660B}"
EndProject
Project("{2150E333-8FDC-42A3-9474-1A3956D46DE8}") = "Solution Items", "Solution Items", "{4D151A7D-0F85-4A32-8869-996E94F58FB0}"
	ProjectSection(SolutionItems) = preProject
		.editorconfig = .editorconfig
	EndProjectSection
EndProject
Global
	GlobalSection(SolutionConfigurationPlatforms) = preSolution
		Debug|Any CPU = Debug|Any CPU
		Release|Any CPU = Release|Any CPU
	EndGlobalSection
	GlobalSection(ProjectConfigurationPlatforms) = postSolution
		{39E968B7-71FD-4AC2-A211-0EF92E61660B}.Debug|Any CPU.ActiveCfg = Debug|Any CPU
		{39E968B7-71FD-4AC2-A211-0EF92E61660B}.Debug|Any CPU.Build.0 = Debug|Any CPU
		{39E968B7-71FD-4AC2-A211-0EF92E61660B}.Release|Any CPU.ActiveCfg = Release|Any CPU
		{39E968B7-71FD-4AC2-A211-0EF92E61660B}.Release|Any CPU.Build.0 = Release|Any CPU
	EndGlobalSection
	GlobalSection(SolutionProperties) = preSolution
		HideSolutionNode = FALSE
	EndGlobalSection
	GlobalSection(ExtensibilityGlobals) = postSolution
		SolutionGuid = {C5CD12C5-984C-47E9-A19E-590BFA12200A}
	EndGlobalSection
EndGlobal
